
Microsoft Visual Studio Solution File, Format Version 12.00
# Visual Studio Version 16
VisualStudioVersion = 16.0.30621.155
MinimumVisualStudioVersion = 10.0.40219.1
Project("{FAE04EC0-301F-11D3-BF4B-00C04F79EFBC}") = "HelloMVCTemplate", "HelloMVCTemplate\HelloMVCTemplate.csproj", "{A40142F1-7431-4838-A89C-8F8E09EC5130}"
EndProject
Global
	GlobalSection(SolutionConfigurationPlatforms) = preSolution
		Debug|Any CPU = Debug|Any CPU
		Release|Any CPU = Release|Any CPU
	EndGlobalSection
	GlobalSection(ProjectConfigurationPlatforms) = postSolution
		{A40142F1-7431-4838-A89C-8F8E09EC5130}.Debug|Any CPU.ActiveCfg = Debug|Any CPU
		{A40142F1-7431-4838-A89C-8F8E09EC5130}.Debug|Any CPU.Build.0 = Debug|Any CPU
		{A40142F1-7431-4838-A89C-8F8E09EC5130}.Release|Any CPU.ActiveCfg = Release|Any CPU
		{A40142F1-7431-4838-A89C-8F8E09EC5130}.Release|Any CPU.Build.0 = Release|Any CPU
	EndGlobalSection
	GlobalSection(SolutionProperties) = preSolution
		HideSolutionNode = FALSE
	EndGlobalSection
	GlobalSection(ExtensibilityGlobals) = postSolution
		SolutionGuid = {99CF2ECC-A4D4-4989-8819-DD5CFAB5F303}
	EndGlobalSection
EndGlobal
