
Microsoft Visual Studio Solution File, Format Version 12.00
# Visual Studio Version 16
VisualStudioVersion = 16.0.30621.155
MinimumVisualStudioVersion = 10.0.40219.1
Project("{FAE04EC0-301F-11D3-BF4B-00C04F79EFBC}") = "ChinookApp.ConsoleApp", "ChinookApp.ConsoleApp\ChinookApp.ConsoleApp.csproj", "{1F8E9B03-8964-4BAD-BADA-97ECE78754B2}"
EndProject
Project("{FAE04EC0-301F-11D3-BF4B-00C04F79EFBC}") = "ChinookApp.DataModel", "ChinookApp.DataModel\ChinookApp.DataModel.csproj", "{2186FB66-2008-4461-A9DE-EA98181A0558}"
EndProject
Global
	GlobalSection(SolutionConfigurationPlatforms) = preSolution
		Debug|Any CPU = Debug|Any CPU
		Release|Any CPU = Release|Any CPU
	EndGlobalSection
	GlobalSection(ProjectConfigurationPlatforms) = postSolution
		{1F8E9B03-8964-4BAD-BADA-97ECE78754B2}.Debug|Any CPU.ActiveCfg = Debug|Any CPU
		{1F8E9B03-8964-4BAD-BADA-97ECE78754B2}.Debug|Any CPU.Build.0 = Debug|Any CPU
		{1F8E9B03-8964-4BAD-BADA-97ECE78754B2}.Release|Any CPU.ActiveCfg = Release|Any CPU
		{1F8E9B03-8964-4BAD-BADA-97ECE78754B2}.Release|Any CPU.Build.0 = Release|Any CPU
		{2186FB66-2008-4461-A9DE-EA98181A0558}.Debug|Any CPU.ActiveCfg = Debug|Any CPU
		{2186FB66-2008-4461-A9DE-EA98181A0558}.Debug|Any CPU.Build.0 = Debug|Any CPU
		{2186FB66-2008-4461-A9DE-EA98181A0558}.Release|Any CPU.ActiveCfg = Release|Any CPU
		{2186FB66-2008-4461-A9DE-EA98181A0558}.Release|Any CPU.Build.0 = Release|Any CPU
	EndGlobalSection
	GlobalSection(SolutionProperties) = preSolution
		HideSolutionNode = FALSE
	EndGlobalSection
	GlobalSection(ExtensibilityGlobals) = postSolution
		SolutionGuid = {F7A51B46-05BE-4218-877B-B960DBFEB548}
	EndGlobalSection
EndGlobal
